
Microsoft Visual Studio Solution File, Format Version 12.00
# Visual Studio Version 17
VisualStudioVersion = 17.0.32014.148
MinimumVisualStudioVersion = 10.0.40219.1
Project("{2150E333-8FDC-42A3-9474-1A3956D46DE8}") = "Services", "Services", "{600E9F7D-A518-4F5C-A96D-11BDED530C98}"
EndProject
Project("{2150E333-8FDC-42A3-9474-1A3956D46DE8}") = "Catalog", "Catalog", "{EC033E68-D586-4F12-8652-EAC7732C55DD}"
EndProject
Project("{9A19103F-16F7-4668-BE54-9A1E7A4F7556}") = "Catalog.Api", "Services\Catalog\Catalog.Api\Catalog.Api.csproj", "{B02C1DA5-969A-4E07-9CB7-AC27850C7E1E}"
EndProject
Project("{E53339B2-1760-4266-BCC7-CA923CBCF16C}") = "docker-compose", "docker-compose.dcproj", "{7B4CF636-BD9B-4CC1-8940-13CB1662814E}"
EndProject
Project("{2150E333-8FDC-42A3-9474-1A3956D46DE8}") = "Basket", "Basket", "{AC48312E-08E9-4379-B194-8BA85D83694C}"
EndProject
Project("{9A19103F-16F7-4668-BE54-9A1E7A4F7556}") = "Basket.api", "Services\Basket\Basket.api\Basket.api.csproj", "{D76A9F6D-23BE-42C4-B3D8-C838F4170D39}"
EndProject
Project("{2150E333-8FDC-42A3-9474-1A3956D46DE8}") = "Discount", "Discount", "{6E39FAE8-F692-4958-B86F-B6AA8F462739}"
EndProject
Project("{9A19103F-16F7-4668-BE54-9A1E7A4F7556}") = "Discount.Api", "Services\Discount\Discount.Api\Discount.Api.csproj", "{C48A87A5-91BF-496A-B9A0-468E19C5B9A6}"
EndProject
Project("{9A19103F-16F7-4668-BE54-9A1E7A4F7556}") = "Discount.Grpc", "Services\Discount\Discount.Grpc\Discount.Grpc.csproj", "{C65B280F-3DF3-47C5-A640-7E3A2520C584}"
EndProject
Project("{2150E333-8FDC-42A3-9474-1A3956D46DE8}") = "Ordering", "Ordering", "{2D4CDE0D-3577-4A16-A479-7ACDFDB694EE}"
EndProject
Project("{FAE04EC0-301F-11D3-BF4B-00C04F79EFBC}") = "Ordering.Api", "Services\Ordering\Ordering.Api\Ordering.Api.csproj", "{B248E38C-D072-450C-A70F-3D99FE43DBF6}"
EndProject
Project("{FAE04EC0-301F-11D3-BF4B-00C04F79EFBC}") = "Ordering.Domain", "Services\Ordering\Ordering.Domain\Ordering.Domain.csproj", "{5BDE58CA-32C1-4A4E-9B3A-D238D890B81C}"
EndProject
Project("{FAE04EC0-301F-11D3-BF4B-00C04F79EFBC}") = "Ordering.Application", "Services\Ordering\Ordering.Application\Ordering.Application.csproj", "{CB76707C-55A1-42E1-BA8C-3B896AF637FF}"
EndProject
Project("{FAE04EC0-301F-11D3-BF4B-00C04F79EFBC}") = "Ordering.Infrastructure", "Services\Ordering\Ordering.Infrastructure\Ordering.Infrastructure.csproj", "{607F2723-E610-41C6-9BCB-26396D2EDAF1}"
EndProject
Global
	GlobalSection(SolutionConfigurationPlatforms) = preSolution
		Debug|Any CPU = Debug|Any CPU
		Release|Any CPU = Release|Any CPU
	EndGlobalSection
	GlobalSection(ProjectConfigurationPlatforms) = postSolution
		{B02C1DA5-969A-4E07-9CB7-AC27850C7E1E}.Debug|Any CPU.ActiveCfg = Debug|Any CPU
		{B02C1DA5-969A-4E07-9CB7-AC27850C7E1E}.Debug|Any CPU.Build.0 = Debug|Any CPU
		{B02C1DA5-969A-4E07-9CB7-AC27850C7E1E}.Release|Any CPU.ActiveCfg = Release|Any CPU
		{B02C1DA5-969A-4E07-9CB7-AC27850C7E1E}.Release|Any CPU.Build.0 = Release|Any CPU
		{7B4CF636-BD9B-4CC1-8940-13CB1662814E}.Debug|Any CPU.ActiveCfg = Debug|Any CPU
		{7B4CF636-BD9B-4CC1-8940-13CB1662814E}.Debug|Any CPU.Build.0 = Debug|Any CPU
		{7B4CF636-BD9B-4CC1-8940-13CB1662814E}.Release|Any CPU.ActiveCfg = Release|Any CPU
		{7B4CF636-BD9B-4CC1-8940-13CB1662814E}.Release|Any CPU.Build.0 = Release|Any CPU
		{D76A9F6D-23BE-42C4-B3D8-C838F4170D39}.Debug|Any CPU.ActiveCfg = Debug|Any CPU
		{D76A9F6D-23BE-42C4-B3D8-C838F4170D39}.Debug|Any CPU.Build.0 = Debug|Any CPU
		{D76A9F6D-23BE-42C4-B3D8-C838F4170D39}.Release|Any CPU.ActiveCfg = Release|Any CPU
		{D76A9F6D-23BE-42C4-B3D8-C838F4170D39}.Release|Any CPU.Build.0 = Release|Any CPU
		{C48A87A5-91BF-496A-B9A0-468E19C5B9A6}.Debug|Any CPU.ActiveCfg = Debug|Any CPU
		{C48A87A5-91BF-496A-B9A0-468E19C5B9A6}.Debug|Any CPU.Build.0 = Debug|Any CPU
		{C48A87A5-91BF-496A-B9A0-468E19C5B9A6}.Release|Any CPU.ActiveCfg = Release|Any CPU
		{C48A87A5-91BF-496A-B9A0-468E19C5B9A6}.Release|Any CPU.Build.0 = Release|Any CPU
		{C65B280F-3DF3-47C5-A640-7E3A2520C584}.Debug|Any CPU.ActiveCfg = Debug|Any CPU
		{C65B280F-3DF3-47C5-A640-7E3A2520C584}.Debug|Any CPU.Build.0 = Debug|Any CPU
		{C65B280F-3DF3-47C5-A640-7E3A2520C584}.Release|Any CPU.ActiveCfg = Release|Any CPU
		{C65B280F-3DF3-47C5-A640-7E3A2520C584}.Release|Any CPU.Build.0 = Release|Any CPU
		{B248E38C-D072-450C-A70F-3D99FE43DBF6}.Debug|Any CPU.ActiveCfg = Debug|Any CPU
		{B248E38C-D072-450C-A70F-3D99FE43DBF6}.Debug|Any CPU.Build.0 = Debug|Any CPU
		{B248E38C-D072-450C-A70F-3D99FE43DBF6}.Release|Any CPU.ActiveCfg = Release|Any CPU
		{B248E38C-D072-450C-A70F-3D99FE43DBF6}.Release|Any CPU.Build.0 = Release|Any CPU
		{5BDE58CA-32C1-4A4E-9B3A-D238D890B81C}.Debug|Any CPU.ActiveCfg = Debug|Any CPU
		{5BDE58CA-32C1-4A4E-9B3A-D238D890B81C}.Debug|Any CPU.Build.0 = Debug|Any CPU
		{5BDE58CA-32C1-4A4E-9B3A-D238D890B81C}.Release|Any CPU.ActiveCfg = Release|Any CPU
		{5BDE58CA-32C1-4A4E-9B3A-D238D890B81C}.Release|Any CPU.Build.0 = Release|Any CPU
		{CB76707C-55A1-42E1-BA8C-3B896AF637FF}.Debug|Any CPU.ActiveCfg = Debug|Any CPU
		{CB76707C-55A1-42E1-BA8C-3B896AF637FF}.Debug|Any CPU.Build.0 = Debug|Any CPU
		{CB76707C-55A1-42E1-BA8C-3B896AF637FF}.Release|Any CPU.ActiveCfg = Release|Any CPU
		{CB76707C-55A1-42E1-BA8C-3B896AF637FF}.Release|Any CPU.Build.0 = Release|Any CPU
		{607F2723-E610-41C6-9BCB-26396D2EDAF1}.Debug|Any CPU.ActiveCfg = Debug|Any CPU
		{607F2723-E610-41C6-9BCB-26396D2EDAF1}.Debug|Any CPU.Build.0 = Debug|Any CPU
		{607F2723-E610-41C6-9BCB-26396D2EDAF1}.Release|Any CPU.ActiveCfg = Release|Any CPU
		{607F2723-E610-41C6-9BCB-26396D2EDAF1}.Release|Any CPU.Build.0 = Release|Any CPU
	EndGlobalSection
	GlobalSection(SolutionProperties) = preSolution
		HideSolutionNode = FALSE
	EndGlobalSection
	GlobalSection(NestedProjects) = preSolution
		{EC033E68-D586-4F12-8652-EAC7732C55DD} = {600E9F7D-A518-4F5C-A96D-11BDED530C98}
		{B02C1DA5-969A-4E07-9CB7-AC27850C7E1E} = {EC033E68-D586-4F12-8652-EAC7732C55DD}
		{AC48312E-08E9-4379-B194-8BA85D83694C} = {600E9F7D-A518-4F5C-A96D-11BDED530C98}
		{D76A9F6D-23BE-42C4-B3D8-C838F4170D39} = {AC48312E-08E9-4379-B194-8BA85D83694C}
		{6E39FAE8-F692-4958-B86F-B6AA8F462739} = {600E9F7D-A518-4F5C-A96D-11BDED530C98}
		{C48A87A5-91BF-496A-B9A0-468E19C5B9A6} = {6E39FAE8-F692-4958-B86F-B6AA8F462739}
		{C65B280F-3DF3-47C5-A640-7E3A2520C584} = {6E39FAE8-F692-4958-B86F-B6AA8F462739}
		{2D4CDE0D-3577-4A16-A479-7ACDFDB694EE} = {600E9F7D-A518-4F5C-A96D-11BDED530C98}
		{B248E38C-D072-450C-A70F-3D99FE43DBF6} = {2D4CDE0D-3577-4A16-A479-7ACDFDB694EE}
		{5BDE58CA-32C1-4A4E-9B3A-D238D890B81C} = {2D4CDE0D-3577-4A16-A479-7ACDFDB694EE}
		{CB76707C-55A1-42E1-BA8C-3B896AF637FF} = {2D4CDE0D-3577-4A16-A479-7ACDFDB694EE}
		{607F2723-E610-41C6-9BCB-26396D2EDAF1} = {2D4CDE0D-3577-4A16-A479-7ACDFDB694EE}
	EndGlobalSection
	GlobalSection(ExtensibilityGlobals) = postSolution
		SolutionGuid = {E461C368-BF18-4619-87EA-422216AF0DE0}
	EndGlobalSection
EndGlobal
